
Microsoft Visual Studio Solution File, Format Version 12.00
# Visual Studio Version 17
VisualStudioVersion = 17.11.35303.130
MinimumVisualStudioVersion = 10.0.40219.1
Project("{FAE04EC0-301F-11D3-BF4B-00C04F79EFBC}") = "MethodCall", "MethodCall\MethodCall.csproj", "{DE1EF4C7-E7F5-4794-9E8B-A2960D869700}"
EndProject
Global
	GlobalSection(SolutionConfigurationPlatforms) = preSolution
		Debug|Any CPU = Debug|Any CPU
		Release|Any CPU = Release|Any CPU
	EndGlobalSection
	GlobalSection(ProjectConfigurationPlatforms) = postSolution
		{DE1EF4C7-E7F5-4794-9E8B-A2960D869700}.Debug|Any CPU.ActiveCfg = Debug|Any CPU
		{DE1EF4C7-E7F5-4794-9E8B-A2960D869700}.Debug|Any CPU.Build.0 = Debug|Any CPU
		{DE1EF4C7-E7F5-4794-9E8B-A2960D869700}.Release|Any CPU.ActiveCfg = Release|Any CPU
		{DE1EF4C7-E7F5-4794-9E8B-A2960D869700}.Release|Any CPU.Build.0 = Release|Any CPU
	EndGlobalSection
	GlobalSection(SolutionProperties) = preSolution
		HideSolutionNode = FALSE
	EndGlobalSection
	GlobalSection(ExtensibilityGlobals) = postSolution
		SolutionGuid = {9D059A03-4028-4433-B725-4A22DA191627}
	EndGlobalSection
EndGlobal
